
Microsoft Visual Studio Solution File, Format Version 12.00
# Visual Studio Version 17
VisualStudioVersion = 17.11.35312.102
MinimumVisualStudioVersion = 10.0.40219.1
Project("{FAE04EC0-301F-11D3-BF4B-00C04F79EFBC}") = "Fridgie", "Fridgie\Fridgie.csproj", "{AA04F38B-FF43-40E2-9A88-F2424A084301}"
EndProject
Global
	GlobalSection(SolutionConfigurationPlatforms) = preSolution
		Debug|Any CPU = Debug|Any CPU
		Release|Any CPU = Release|Any CPU
	EndGlobalSection
	GlobalSection(ProjectConfigurationPlatforms) = postSolution
		{AA04F38B-FF43-40E2-9A88-F2424A084301}.Debug|Any CPU.ActiveCfg = Debug|Any CPU
		{AA04F38B-FF43-40E2-9A88-F2424A084301}.Debug|Any CPU.Build.0 = Debug|Any CPU
		{AA04F38B-FF43-40E2-9A88-F2424A084301}.Release|Any CPU.ActiveCfg = Release|Any CPU
		{AA04F38B-FF43-40E2-9A88-F2424A084301}.Release|Any CPU.Build.0 = Release|Any CPU
	EndGlobalSection
	GlobalSection(SolutionProperties) = preSolution
		HideSolutionNode = FALSE
	EndGlobalSection
	GlobalSection(ExtensibilityGlobals) = postSolution
		SolutionGuid = {389CCD11-8A83-4509-AEF5-E1FFF7A0E643}
	EndGlobalSection
EndGlobal
